
Microsoft Visual Studio Solution File, Format Version 12.00
# Visual Studio Version 16
VisualStudioVersion = 16.0.31321.278
MinimumVisualStudioVersion = 10.0.40219.1
Project("{FAE04EC0-301F-11D3-BF4B-00C04F79EFBC}") = "eJABALI", "eJABALI.csproj", "{ECBBD667-8DEA-4683-9246-4B5522D6C52B}"
EndProject
Global
	GlobalSection(SolutionConfigurationPlatforms) = preSolution
		Debug|Any CPU = Debug|Any CPU
		Release|Any CPU = Release|Any CPU
	EndGlobalSection
	GlobalSection(ProjectConfigurationPlatforms) = postSolution
		{ECBBD667-8DEA-4683-9246-4B5522D6C52B}.Debug|Any CPU.ActiveCfg = Debug|Any CPU
		{ECBBD667-8DEA-4683-9246-4B5522D6C52B}.Debug|Any CPU.Build.0 = Debug|Any CPU
		{ECBBD667-8DEA-4683-9246-4B5522D6C52B}.Release|Any CPU.ActiveCfg = Release|Any CPU
		{ECBBD667-8DEA-4683-9246-4B5522D6C52B}.Release|Any CPU.Build.0 = Release|Any CPU
	EndGlobalSection
	GlobalSection(SolutionProperties) = preSolution
		HideSolutionNode = FALSE
	EndGlobalSection
	GlobalSection(ExtensibilityGlobals) = postSolution
		SolutionGuid = {AEB8A16A-17F7-4167-8700-F8ADD210507D}
	EndGlobalSection
EndGlobal
